
Microsoft Visual Studio Solution File, Format Version 12.00
# Visual Studio Version 17
VisualStudioVersion = 17.2.32630.192
MinimumVisualStudioVersion = 10.0.40219.1
Project("{FAE04EC0-301F-11D3-BF4B-00C04F79EFBC}") = "R5T.E0045", "R5T.E0045\R5T.E0045.csproj", "{1D1EBB76-A277-41FB-8F60-42262AD1F18B}"
EndProject
Project("{2150E333-8FDC-42A3-9474-1A3956D46DE8}") = "_Dependencies", "_Dependencies", "{2CD65991-3B22-4384-8349-36CFAB975203}"
EndProject
Global
	GlobalSection(NestedProjects) = preSolution
	EndGlobalSection
	GlobalSection(SolutionConfigurationPlatforms) = preSolution
		Debug|Any CPU = Debug|Any CPU
		Debug|x64 = Debug|x64
		Debug|x86 = Debug|x86
		Release|Any CPU = Release|Any CPU
		Release|x64 = Release|x64
		Release|x86 = Release|x86
	EndGlobalSection
	GlobalSection(ProjectConfigurationPlatforms) = postSolution
		{1D1EBB76-A277-41FB-8F60-42262AD1F18B}.Debug|Any CPU.ActiveCfg = Debug|Any CPU
		{1D1EBB76-A277-41FB-8F60-42262AD1F18B}.Debug|Any CPU.Build.0 = Debug|Any CPU
		{1D1EBB76-A277-41FB-8F60-42262AD1F18B}.Debug|x64.ActiveCfg = Debug|Any CPU
		{1D1EBB76-A277-41FB-8F60-42262AD1F18B}.Debug|x64.Build.0 = Debug|Any CPU
		{1D1EBB76-A277-41FB-8F60-42262AD1F18B}.Debug|x86.ActiveCfg = Debug|Any CPU
		{1D1EBB76-A277-41FB-8F60-42262AD1F18B}.Debug|x86.Build.0 = Debug|Any CPU
		{1D1EBB76-A277-41FB-8F60-42262AD1F18B}.Release|Any CPU.ActiveCfg = Release|Any CPU
		{1D1EBB76-A277-41FB-8F60-42262AD1F18B}.Release|Any CPU.Build.0 = Release|Any CPU
		{1D1EBB76-A277-41FB-8F60-42262AD1F18B}.Release|x64.ActiveCfg = Release|Any CPU
		{1D1EBB76-A277-41FB-8F60-42262AD1F18B}.Release|x64.Build.0 = Release|Any CPU
		{1D1EBB76-A277-41FB-8F60-42262AD1F18B}.Release|x86.ActiveCfg = Release|Any CPU
		{1D1EBB76-A277-41FB-8F60-42262AD1F18B}.Release|x86.Build.0 = Release|Any CPU
	EndGlobalSection
	GlobalSection(SolutionProperties) = preSolution
		HideSolutionNode = FALSE
	EndGlobalSection
EndGlobal
