
Microsoft Visual Studio Solution File, Format Version 12.00
# Visual Studio Version 17
VisualStudioVersion = 17.2.32630.192
MinimumVisualStudioVersion = 10.0.40219.1
Project("{2150E333-8FDC-42A3-9474-1A3956D46DE8}") = "_Dependencies", "_Dependencies", "{354F3881-EA58-4EE2-BF48-61BBDC90711B}"
EndProject
Project("{9A19103F-16F7-4668-BE54-9A1E7A4F7556}") = "Roslyn", "Roslyn\Roslyn.csproj", "{3D88BCFD-C90B-4FEE-8B56-56A64D786953}"
EndProject
Project("{9A19103F-16F7-4668-BE54-9A1E7A4F7556}") = "R5T.L0011", "..\..\R5T.L0011\source\R5T.L0011\R5T.L0011.csproj", "{D913F846-0BD3-487A-AD3F-0FA49B223B18}"
EndProject
Project("{9A19103F-16F7-4668-BE54-9A1E7A4F7556}") = "Roslyn.V001", "Roslyn.V001\Roslyn.V001.csproj", "{ABBCCB34-15FD-4B51-A921-4750593D7044}"
EndProject
Project("{9A19103F-16F7-4668-BE54-9A1E7A4F7556}") = "R5T.L0011.X000", "..\..\R5T.L0011\source\R5T.L0011.X000\R5T.L0011.X000.csproj", "{BCFA866D-83F3-473A-84DD-04620161D6A0}"
EndProject
Project("{9A19103F-16F7-4668-BE54-9A1E7A4F7556}") = "R5T.T0119.X001", "..\..\R5T.T0119\source\R5T.T0119.X001\R5T.T0119.X001.csproj", "{05287274-EE08-426E-8F16-98D8B02A9CD0}"
EndProject
Project("{FAE04EC0-301F-11D3-BF4B-00C04F79EFBC}") = "Roslyn.Library", "Roslyn.Library\Roslyn.Library.csproj", "{8256F1D5-5EA6-42FA-8571-664CAD8920E7}"
EndProject
Project("{9A19103F-16F7-4668-BE54-9A1E7A4F7556}") = "R5T.L0020", "..\..\R5T.L0020\source\R5T.L0020\R5T.L0020.csproj", "{0745A4D7-F074-40C4-9DF7-7EAE6338ED86}"
EndProject
Project("{9A19103F-16F7-4668-BE54-9A1E7A4F7556}") = "R5T.Magyar", "..\..\R5T.Magyar\source\R5T.Magyar\R5T.Magyar.csproj", "{FC0BCE52-9809-49D9-B466-D351A299E1B9}"
EndProject
Project("{9A19103F-16F7-4668-BE54-9A1E7A4F7556}") = "R5T.T0039.T002", "..\..\R5T.T0039\source\R5T.T0039.T002\R5T.T0039.T002.csproj", "{E32ECC93-0135-4DE9-8E64-F70F09FECE75}"
EndProject
Project("{9A19103F-16F7-4668-BE54-9A1E7A4F7556}") = "R5T.T0119", "..\..\R5T.T0119\source\R5T.T0119\R5T.T0119.csproj", "{F49970F6-AD90-4C8F-A085-FF2E9D44EB5E}"
EndProject
Global
	GlobalSection(NestedProjects) = preSolution
		{D913F846-0BD3-487A-AD3F-0FA49B223B18} = {354F3881-EA58-4EE2-BF48-61BBDC90711B}
		{BCFA866D-83F3-473A-84DD-04620161D6A0} = {354F3881-EA58-4EE2-BF48-61BBDC90711B}
		{05287274-EE08-426E-8F16-98D8B02A9CD0} = {354F3881-EA58-4EE2-BF48-61BBDC90711B}
		{0745A4D7-F074-40C4-9DF7-7EAE6338ED86} = {354F3881-EA58-4EE2-BF48-61BBDC90711B}
		{FC0BCE52-9809-49D9-B466-D351A299E1B9} = {354F3881-EA58-4EE2-BF48-61BBDC90711B}
		{E32ECC93-0135-4DE9-8E64-F70F09FECE75} = {354F3881-EA58-4EE2-BF48-61BBDC90711B}
		{F49970F6-AD90-4C8F-A085-FF2E9D44EB5E} = {354F3881-EA58-4EE2-BF48-61BBDC90711B}
	EndGlobalSection
	GlobalSection(SolutionConfigurationPlatforms) = preSolution
		Debug|Any CPU = Debug|Any CPU
		Debug|x64 = Debug|x64
		Debug|x86 = Debug|x86
		Release|Any CPU = Release|Any CPU
		Release|x64 = Release|x64
		Release|x86 = Release|x86
	EndGlobalSection
	GlobalSection(ProjectConfigurationPlatforms) = postSolution
		{3D88BCFD-C90B-4FEE-8B56-56A64D786953}.Debug|Any CPU.ActiveCfg = Debug|Any CPU
		{3D88BCFD-C90B-4FEE-8B56-56A64D786953}.Debug|Any CPU.Build.0 = Debug|Any CPU
		{3D88BCFD-C90B-4FEE-8B56-56A64D786953}.Debug|x64.ActiveCfg = Debug|Any CPU
		{3D88BCFD-C90B-4FEE-8B56-56A64D786953}.Debug|x64.Build.0 = Debug|Any CPU
		{3D88BCFD-C90B-4FEE-8B56-56A64D786953}.Debug|x86.ActiveCfg = Debug|Any CPU
		{3D88BCFD-C90B-4FEE-8B56-56A64D786953}.Debug|x86.Build.0 = Debug|Any CPU
		{3D88BCFD-C90B-4FEE-8B56-56A64D786953}.Release|Any CPU.ActiveCfg = Release|Any CPU
		{3D88BCFD-C90B-4FEE-8B56-56A64D786953}.Release|Any CPU.Build.0 = Release|Any CPU
		{3D88BCFD-C90B-4FEE-8B56-56A64D786953}.Release|x64.ActiveCfg = Release|Any CPU
		{3D88BCFD-C90B-4FEE-8B56-56A64D786953}.Release|x64.Build.0 = Release|Any CPU
		{3D88BCFD-C90B-4FEE-8B56-56A64D786953}.Release|x86.ActiveCfg = Release|Any CPU
		{3D88BCFD-C90B-4FEE-8B56-56A64D786953}.Release|x86.Build.0 = Release|Any CPU
		{D913F846-0BD3-487A-AD3F-0FA49B223B18}.Debug|Any CPU.ActiveCfg = Debug|Any CPU
		{D913F846-0BD3-487A-AD3F-0FA49B223B18}.Debug|Any CPU.Build.0 = Debug|Any CPU
		{D913F846-0BD3-487A-AD3F-0FA49B223B18}.Debug|x64.ActiveCfg = Debug|Any CPU
		{D913F846-0BD3-487A-AD3F-0FA49B223B18}.Debug|x64.Build.0 = Debug|Any CPU
		{D913F846-0BD3-487A-AD3F-0FA49B223B18}.Debug|x86.ActiveCfg = Debug|Any CPU
		{D913F846-0BD3-487A-AD3F-0FA49B223B18}.Debug|x86.Build.0 = Debug|Any CPU
		{D913F846-0BD3-487A-AD3F-0FA49B223B18}.Release|Any CPU.ActiveCfg = Release|Any CPU
		{D913F846-0BD3-487A-AD3F-0FA49B223B18}.Release|Any CPU.Build.0 = Release|Any CPU
		{D913F846-0BD3-487A-AD3F-0FA49B223B18}.Release|x64.ActiveCfg = Release|Any CPU
		{D913F846-0BD3-487A-AD3F-0FA49B223B18}.Release|x64.Build.0 = Release|Any CPU
		{D913F846-0BD3-487A-AD3F-0FA49B223B18}.Release|x86.ActiveCfg = Release|Any CPU
		{D913F846-0BD3-487A-AD3F-0FA49B223B18}.Release|x86.Build.0 = Release|Any CPU
		{ABBCCB34-15FD-4B51-A921-4750593D7044}.Debug|Any CPU.ActiveCfg = Debug|Any CPU
		{ABBCCB34-15FD-4B51-A921-4750593D7044}.Debug|Any CPU.Build.0 = Debug|Any CPU
		{ABBCCB34-15FD-4B51-A921-4750593D7044}.Debug|x64.ActiveCfg = Debug|Any CPU
		{ABBCCB34-15FD-4B51-A921-4750593D7044}.Debug|x64.Build.0 = Debug|Any CPU
		{ABBCCB34-15FD-4B51-A921-4750593D7044}.Debug|x86.ActiveCfg = Debug|Any CPU
		{ABBCCB34-15FD-4B51-A921-4750593D7044}.Debug|x86.Build.0 = Debug|Any CPU
		{ABBCCB34-15FD-4B51-A921-4750593D7044}.Release|Any CPU.ActiveCfg = Release|Any CPU
		{ABBCCB34-15FD-4B51-A921-4750593D7044}.Release|Any CPU.Build.0 = Release|Any CPU
		{ABBCCB34-15FD-4B51-A921-4750593D7044}.Release|x64.ActiveCfg = Release|Any CPU
		{ABBCCB34-15FD-4B51-A921-4750593D7044}.Release|x64.Build.0 = Release|Any CPU
		{ABBCCB34-15FD-4B51-A921-4750593D7044}.Release|x86.ActiveCfg = Release|Any CPU
		{ABBCCB34-15FD-4B51-A921-4750593D7044}.Release|x86.Build.0 = Release|Any CPU
		{BCFA866D-83F3-473A-84DD-04620161D6A0}.Debug|Any CPU.ActiveCfg = Debug|Any CPU
		{BCFA866D-83F3-473A-84DD-04620161D6A0}.Debug|Any CPU.Build.0 = Debug|Any CPU
		{BCFA866D-83F3-473A-84DD-04620161D6A0}.Debug|x64.ActiveCfg = Debug|Any CPU
		{BCFA866D-83F3-473A-84DD-04620161D6A0}.Debug|x64.Build.0 = Debug|Any CPU
		{BCFA866D-83F3-473A-84DD-04620161D6A0}.Debug|x86.ActiveCfg = Debug|Any CPU
		{BCFA866D-83F3-473A-84DD-04620161D6A0}.Debug|x86.Build.0 = Debug|Any CPU
		{BCFA866D-83F3-473A-84DD-04620161D6A0}.Release|Any CPU.ActiveCfg = Release|Any CPU
		{BCFA866D-83F3-473A-84DD-04620161D6A0}.Release|Any CPU.Build.0 = Release|Any CPU
		{BCFA866D-83F3-473A-84DD-04620161D6A0}.Release|x64.ActiveCfg = Release|Any CPU
		{BCFA866D-83F3-473A-84DD-04620161D6A0}.Release|x64.Build.0 = Release|Any CPU
		{BCFA866D-83F3-473A-84DD-04620161D6A0}.Release|x86.ActiveCfg = Release|Any CPU
		{BCFA866D-83F3-473A-84DD-04620161D6A0}.Release|x86.Build.0 = Release|Any CPU
		{05287274-EE08-426E-8F16-98D8B02A9CD0}.Debug|Any CPU.ActiveCfg = Debug|Any CPU
		{05287274-EE08-426E-8F16-98D8B02A9CD0}.Debug|Any CPU.Build.0 = Debug|Any CPU
		{05287274-EE08-426E-8F16-98D8B02A9CD0}.Debug|x64.ActiveCfg = Debug|Any CPU
		{05287274-EE08-426E-8F16-98D8B02A9CD0}.Debug|x64.Build.0 = Debug|Any CPU
		{05287274-EE08-426E-8F16-98D8B02A9CD0}.Debug|x86.ActiveCfg = Debug|Any CPU
		{05287274-EE08-426E-8F16-98D8B02A9CD0}.Debug|x86.Build.0 = Debug|Any CPU
		{05287274-EE08-426E-8F16-98D8B02A9CD0}.Release|Any CPU.ActiveCfg = Release|Any CPU
		{05287274-EE08-426E-8F16-98D8B02A9CD0}.Release|Any CPU.Build.0 = Release|Any CPU
		{05287274-EE08-426E-8F16-98D8B02A9CD0}.Release|x64.ActiveCfg = Release|Any CPU
		{05287274-EE08-426E-8F16-98D8B02A9CD0}.Release|x64.Build.0 = Release|Any CPU
		{05287274-EE08-426E-8F16-98D8B02A9CD0}.Release|x86.ActiveCfg = Release|Any CPU
		{05287274-EE08-426E-8F16-98D8B02A9CD0}.Release|x86.Build.0 = Release|Any CPU
		{8256F1D5-5EA6-42FA-8571-664CAD8920E7}.Debug|Any CPU.ActiveCfg = Debug|Any CPU
		{8256F1D5-5EA6-42FA-8571-664CAD8920E7}.Debug|Any CPU.Build.0 = Debug|Any CPU
		{8256F1D5-5EA6-42FA-8571-664CAD8920E7}.Debug|x64.ActiveCfg = Debug|Any CPU
		{8256F1D5-5EA6-42FA-8571-664CAD8920E7}.Debug|x64.Build.0 = Debug|Any CPU
		{8256F1D5-5EA6-42FA-8571-664CAD8920E7}.Debug|x86.ActiveCfg = Debug|Any CPU
		{8256F1D5-5EA6-42FA-8571-664CAD8920E7}.Debug|x86.Build.0 = Debug|Any CPU
		{8256F1D5-5EA6-42FA-8571-664CAD8920E7}.Release|Any CPU.ActiveCfg = Release|Any CPU
		{8256F1D5-5EA6-42FA-8571-664CAD8920E7}.Release|Any CPU.Build.0 = Release|Any CPU
		{8256F1D5-5EA6-42FA-8571-664CAD8920E7}.Release|x64.ActiveCfg = Release|Any CPU
		{8256F1D5-5EA6-42FA-8571-664CAD8920E7}.Release|x64.Build.0 = Release|Any CPU
		{8256F1D5-5EA6-42FA-8571-664CAD8920E7}.Release|x86.ActiveCfg = Release|Any CPU
		{8256F1D5-5EA6-42FA-8571-664CAD8920E7}.Release|x86.Build.0 = Release|Any CPU
		{0745A4D7-F074-40C4-9DF7-7EAE6338ED86}.Debug|Any CPU.ActiveCfg = Debug|Any CPU
		{0745A4D7-F074-40C4-9DF7-7EAE6338ED86}.Debug|Any CPU.Build.0 = Debug|Any CPU
		{0745A4D7-F074-40C4-9DF7-7EAE6338ED86}.Debug|x64.ActiveCfg = Debug|Any CPU
		{0745A4D7-F074-40C4-9DF7-7EAE6338ED86}.Debug|x64.Build.0 = Debug|Any CPU
		{0745A4D7-F074-40C4-9DF7-7EAE6338ED86}.Debug|x86.ActiveCfg = Debug|Any CPU
		{0745A4D7-F074-40C4-9DF7-7EAE6338ED86}.Debug|x86.Build.0 = Debug|Any CPU
		{0745A4D7-F074-40C4-9DF7-7EAE6338ED86}.Release|Any CPU.ActiveCfg = Release|Any CPU
		{0745A4D7-F074-40C4-9DF7-7EAE6338ED86}.Release|Any CPU.Build.0 = Release|Any CPU
		{0745A4D7-F074-40C4-9DF7-7EAE6338ED86}.Release|x64.ActiveCfg = Release|Any CPU
		{0745A4D7-F074-40C4-9DF7-7EAE6338ED86}.Release|x64.Build.0 = Release|Any CPU
		{0745A4D7-F074-40C4-9DF7-7EAE6338ED86}.Release|x86.ActiveCfg = Release|Any CPU
		{0745A4D7-F074-40C4-9DF7-7EAE6338ED86}.Release|x86.Build.0 = Release|Any CPU
		{FC0BCE52-9809-49D9-B466-D351A299E1B9}.Debug|Any CPU.ActiveCfg = Debug|Any CPU
		{FC0BCE52-9809-49D9-B466-D351A299E1B9}.Debug|Any CPU.Build.0 = Debug|Any CPU
		{FC0BCE52-9809-49D9-B466-D351A299E1B9}.Debug|x64.ActiveCfg = Debug|Any CPU
		{FC0BCE52-9809-49D9-B466-D351A299E1B9}.Debug|x64.Build.0 = Debug|Any CPU
		{FC0BCE52-9809-49D9-B466-D351A299E1B9}.Debug|x86.ActiveCfg = Debug|Any CPU
		{FC0BCE52-9809-49D9-B466-D351A299E1B9}.Debug|x86.Build.0 = Debug|Any CPU
		{FC0BCE52-9809-49D9-B466-D351A299E1B9}.Release|Any CPU.ActiveCfg = Release|Any CPU
		{FC0BCE52-9809-49D9-B466-D351A299E1B9}.Release|Any CPU.Build.0 = Release|Any CPU
		{FC0BCE52-9809-49D9-B466-D351A299E1B9}.Release|x64.ActiveCfg = Release|Any CPU
		{FC0BCE52-9809-49D9-B466-D351A299E1B9}.Release|x64.Build.0 = Release|Any CPU
		{FC0BCE52-9809-49D9-B466-D351A299E1B9}.Release|x86.ActiveCfg = Release|Any CPU
		{FC0BCE52-9809-49D9-B466-D351A299E1B9}.Release|x86.Build.0 = Release|Any CPU
		{E32ECC93-0135-4DE9-8E64-F70F09FECE75}.Debug|Any CPU.ActiveCfg = Debug|Any CPU
		{E32ECC93-0135-4DE9-8E64-F70F09FECE75}.Debug|Any CPU.Build.0 = Debug|Any CPU
		{E32ECC93-0135-4DE9-8E64-F70F09FECE75}.Debug|x64.ActiveCfg = Debug|Any CPU
		{E32ECC93-0135-4DE9-8E64-F70F09FECE75}.Debug|x64.Build.0 = Debug|Any CPU
		{E32ECC93-0135-4DE9-8E64-F70F09FECE75}.Debug|x86.ActiveCfg = Debug|Any CPU
		{E32ECC93-0135-4DE9-8E64-F70F09FECE75}.Debug|x86.Build.0 = Debug|Any CPU
		{E32ECC93-0135-4DE9-8E64-F70F09FECE75}.Release|Any CPU.ActiveCfg = Release|Any CPU
		{E32ECC93-0135-4DE9-8E64-F70F09FECE75}.Release|Any CPU.Build.0 = Release|Any CPU
		{E32ECC93-0135-4DE9-8E64-F70F09FECE75}.Release|x64.ActiveCfg = Release|Any CPU
		{E32ECC93-0135-4DE9-8E64-F70F09FECE75}.Release|x64.Build.0 = Release|Any CPU
		{E32ECC93-0135-4DE9-8E64-F70F09FECE75}.Release|x86.ActiveCfg = Release|Any CPU
		{E32ECC93-0135-4DE9-8E64-F70F09FECE75}.Release|x86.Build.0 = Release|Any CPU
		{F49970F6-AD90-4C8F-A085-FF2E9D44EB5E}.Debug|Any CPU.ActiveCfg = Debug|Any CPU
		{F49970F6-AD90-4C8F-A085-FF2E9D44EB5E}.Debug|Any CPU.Build.0 = Debug|Any CPU
		{F49970F6-AD90-4C8F-A085-FF2E9D44EB5E}.Debug|x64.ActiveCfg = Debug|Any CPU
		{F49970F6-AD90-4C8F-A085-FF2E9D44EB5E}.Debug|x64.Build.0 = Debug|Any CPU
		{F49970F6-AD90-4C8F-A085-FF2E9D44EB5E}.Debug|x86.ActiveCfg = Debug|Any CPU
		{F49970F6-AD90-4C8F-A085-FF2E9D44EB5E}.Debug|x86.Build.0 = Debug|Any CPU
		{F49970F6-AD90-4C8F-A085-FF2E9D44EB5E}.Release|Any CPU.ActiveCfg = Release|Any CPU
		{F49970F6-AD90-4C8F-A085-FF2E9D44EB5E}.Release|Any CPU.Build.0 = Release|Any CPU
		{F49970F6-AD90-4C8F-A085-FF2E9D44EB5E}.Release|x64.ActiveCfg = Release|Any CPU
		{F49970F6-AD90-4C8F-A085-FF2E9D44EB5E}.Release|x64.Build.0 = Release|Any CPU
		{F49970F6-AD90-4C8F-A085-FF2E9D44EB5E}.Release|x86.ActiveCfg = Release|Any CPU
		{F49970F6-AD90-4C8F-A085-FF2E9D44EB5E}.Release|x86.Build.0 = Release|Any CPU
	EndGlobalSection
	GlobalSection(SolutionProperties) = preSolution
		HideSolutionNode = FALSE
	EndGlobalSection
	GlobalSection(ExtensibilityGlobals) = postSolution
		SolutionGuid = {A452293D-3DAB-4F98-A56C-351C50F9328E}
	EndGlobalSection
EndGlobal
